
Microsoft Visual Studio Solution File, Format Version 12.00
# Visual Studio 14
VisualStudioVersion = 14.0.24720.0
MinimumVisualStudioVersion = 10.0.40219.1
Project("{FAE04EC0-301F-11D3-BF4B-00C04F79EFBC}") = "PathologyWebAPI", "PathologyWebAPI\PathologyWebAPI.csproj", "{EBFA61CE-DA27-410A-8D4C-E94E97523B28}"
EndProject
Project("{FAE04EC0-301F-11D3-BF4B-00C04F79EFBC}") = "PathologyWeb", "PathologyWeb\PathologyWeb.csproj", "{B9D6DF47-13AA-4500-825B-30DE0C3B8D76}"
EndProject
Global
	GlobalSection(SolutionConfigurationPlatforms) = preSolution
		Debug|Any CPU = Debug|Any CPU
		Release|Any CPU = Release|Any CPU
	EndGlobalSection
	GlobalSection(ProjectConfigurationPlatforms) = postSolution
		{EBFA61CE-DA27-410A-8D4C-E94E97523B28}.Debug|Any CPU.ActiveCfg = Debug|Any CPU
		{EBFA61CE-DA27-410A-8D4C-E94E97523B28}.Debug|Any CPU.Build.0 = Debug|Any CPU
		{EBFA61CE-DA27-410A-8D4C-E94E97523B28}.Release|Any CPU.ActiveCfg = Release|Any CPU
		{EBFA61CE-DA27-410A-8D4C-E94E97523B28}.Release|Any CPU.Build.0 = Release|Any CPU
		{B9D6DF47-13AA-4500-825B-30DE0C3B8D76}.Debug|Any CPU.ActiveCfg = Debug|Any CPU
		{B9D6DF47-13AA-4500-825B-30DE0C3B8D76}.Debug|Any CPU.Build.0 = Debug|Any CPU
		{B9D6DF47-13AA-4500-825B-30DE0C3B8D76}.Release|Any CPU.ActiveCfg = Release|Any CPU
		{B9D6DF47-13AA-4500-825B-30DE0C3B8D76}.Release|Any CPU.Build.0 = Release|Any CPU
	EndGlobalSection
	GlobalSection(SolutionProperties) = preSolution
		HideSolutionNode = FALSE
	EndGlobalSection
EndGlobal
